
Microsoft Visual Studio Solution File, Format Version 12.00
# Visual Studio Version 16
VisualStudioVersion = 16.0.30517.126
MinimumVisualStudioVersion = 10.0.40219.1
Project("{FAE04EC0-301F-11D3-BF4B-00C04F79EFBC}") = "BankAccountLab3", "BankAccountLab3.csproj", "{D9099E63-1B54-472E-AE8A-145E2BEFC3FF}"
EndProject
Global
	GlobalSection(SolutionConfigurationPlatforms) = preSolution
		Debug|Any CPU = Debug|Any CPU
		Release|Any CPU = Release|Any CPU
	EndGlobalSection
	GlobalSection(ProjectConfigurationPlatforms) = postSolution
		{D9099E63-1B54-472E-AE8A-145E2BEFC3FF}.Debug|Any CPU.ActiveCfg = Debug|Any CPU
		{D9099E63-1B54-472E-AE8A-145E2BEFC3FF}.Debug|Any CPU.Build.0 = Debug|Any CPU
		{D9099E63-1B54-472E-AE8A-145E2BEFC3FF}.Release|Any CPU.ActiveCfg = Release|Any CPU
		{D9099E63-1B54-472E-AE8A-145E2BEFC3FF}.Release|Any CPU.Build.0 = Release|Any CPU
	EndGlobalSection
	GlobalSection(SolutionProperties) = preSolution
		HideSolutionNode = FALSE
	EndGlobalSection
	GlobalSection(ExtensibilityGlobals) = postSolution
		SolutionGuid = {1594CA2F-A425-4077-81DA-9CB1A9571E43}
	EndGlobalSection
EndGlobal
